<?xml version="1.0" encoding="utf-8"?>
<Project xmlns="http://schemas.microsoft.com/developer/msbuild/2003">
  <ItemGroup>
    <Filter Include="Form Files">
      <UniqueIdentifier>{99349809-55BA-4b9d-BF79-8FDBB0286EB3}</UniqueIdentifier>
      <Extensions>ui</Extensions>
      <ParseFiles>false</ParseFiles>
    </Filter>
    <Filter Include="Generated Files">
      <UniqueIdentifier>{71ED8ED8-ACB9-4CE9-BBE1-E00B30144E11}</UniqueIdentifier>
      <Extensions>cpp;c;cxx;moc;h;def;odl;idl;res;</Extensions>
    </Filter>
    <Filter Include="Generated Files">
      <UniqueIdentifier>{71ED8ED8-ACB9-4CE9-BBE1-E00B30144E11}</UniqueIdentifier>
      <Extensions>cpp;c;cxx;moc;h;def;odl;idl;res;</Extensions>
    </Filter>
    <Filter Include="Distribution Files">
      <UniqueIdentifier>{B83CAF91-C7BF-462F-B76C-EA11631F866C}</UniqueIdentifier>
      <Extensions>*</Extensions>
      <ParseFiles>false</ParseFiles>
    </Filter>
    <Filter Include="Distribution Files">
      <UniqueIdentifier>{B83CAF91-C7BF-462F-B76C-EA11631F866C}</UniqueIdentifier>
      <Extensions>*</Extensions>
      <ParseFiles>false</ParseFiles>
    </Filter>
    <Filter Include="GUI">
      <UniqueIdentifier>{380afe83-beb7-473e-815b-106457b36cdc}</UniqueIdentifier>
    </Filter>
    <Filter Include="GUI\MainWindow">
      <UniqueIdentifier>{d1ddb592-f1fc-4a1b-8a7a-2639d0533090}</UniqueIdentifier>
    </Filter>
    <Filter Include="GUI\QFileListView">
      <UniqueIdentifier>{17d262b9-5d5a-4863-ba05-7a2f25430cb5}</UniqueIdentifier>
    </Filter>
    <Filter Include="GUI\QSearchResultDelegate">
      <UniqueIdentifier>{b4828479-05eb-4fcb-b8ab-c36aefa322bb}</UniqueIdentifier>
    </Filter>
    <Filter Include="GUI\Resource Files">
      <UniqueIdentifier>{D9D6E242-F8AF-46E4-B9FD-80ECBC20BA3E}</UniqueIdentifier>
      <Extensions>qrc;*</Extensions>
      <ParseFiles>false</ParseFiles>
    </Filter>
    <Filter Include="GUI\Form Files">
      <UniqueIdentifier>{99349809-55BA-4b9d-BF79-8FDBB0286EB3}</UniqueIdentifier>
      <Extensions>ui</Extensions>
      <ParseFiles>false</ParseFiles>
    </Filter>
    <Filter Include="Core">
      <UniqueIdentifier>{e52837cc-0bd7-440b-8fdf-07323deab7aa}</UniqueIdentifier>
    </Filter>
    <Filter Include="Core\QWinHotkey">
      <UniqueIdentifier>{130305fb-36ee-481b-a9fa-b1836a3970f7}</UniqueIdentifier>
    </Filter>
    <Filter Include="Core\util">
      <UniqueIdentifier>{2447dbeb-4087-4b92-9cb6-8c9937836f24}</UniqueIdentifier>
    </Filter>
    <Filter Include="GUI\QInputLineEdit">
      <UniqueIdentifier>{43aec693-ee49-46b0-aa53-4ab9e8f1f9c2}</UniqueIdentifier>
    </Filter>
    <Filter Include="Core\DataBase">
      <UniqueIdentifier>{e3f8de99-08d7-47c8-a357-0c7f01240882}</UniqueIdentifier>
    </Filter>
    <Filter Include="Core\ChangeJrnl">
      <UniqueIdentifier>{77ea709a-d87d-4fd6-969f-b078a8ff683c}</UniqueIdentifier>
    </Filter>
    <Filter Include="infrastructure">
      <UniqueIdentifier>{a03268fb-ce45-4eb2-a1b8-618047257774}</UniqueIdentifier>
    </Filter>
    <Filter Include="infrastructure\FuzzySearch">
      <UniqueIdentifier>{5c27571d-6d3b-423a-b052-76f882264667}</UniqueIdentifier>
    </Filter>
    <Filter Include="GUI\QActionListView">
      <UniqueIdentifier>{62077469-e206-44d5-99e4-9d8d6bcba28a}</UniqueIdentifier>
    </Filter>
    <Filter Include="Core\Pinyin">
      <UniqueIdentifier>{7d1f0658-e9c7-4db3-b0d3-4477cb265d1b}</UniqueIdentifier>
    </Filter>
  </ItemGroup>
  <ItemGroup>
    <ClCompile Include="util\util.cpp">
      <Filter>Core\util</Filter>
    </ClCompile>
    <ClCompile Include="mainwindow.cpp">
      <Filter>GUI\MainWindow</Filter>
    </ClCompile>
    <ClCompile Include="QSearchResultDelegate.cpp">
      <Filter>GUI\QSearchResultDelegate</Filter>
    </ClCompile>
    <ClCompile Include="QFileListView.cpp">
      <Filter>GUI\QFileListView</Filter>
    </ClCompile>
    <ClCompile Include="main.cpp">
      <Filter>GUI\MainWindow</Filter>
    </ClCompile>
    <ClCompile Include="QInputLineEdit.cpp">
      <Filter>GUI\QInputLineEdit</Filter>
    </ClCompile>
    <ClCompile Include="ChangeJrnl.cpp">
      <Filter>Core\ChangeJrnl</Filter>
    </ClCompile>
    <ClCompile Include="QWinHotKey\QWinHotkey.cpp">
      <Filter>Core\QWinHotkey</Filter>
    </ClCompile>
    <ClCompile Include="MyDB.cpp">
      <Filter>Core\DataBase</Filter>
    </ClCompile>
    <ClCompile Include="QActionListView.cpp">
      <Filter>GUI\QActionListView</Filter>
    </ClCompile>
    <ClCompile Include="Pinyin.cpp">
      <Filter>Core\Pinyin</Filter>
    </ClCompile>
    <ClCompile Include="match.cpp">
      <Filter>infrastructure\FuzzySearch</Filter>
    </ClCompile>
  </ItemGroup>
  <ItemGroup>
    <QtMoc Include="util\util.h">
      <Filter>Core\util</Filter>
    </QtMoc>
    <QtMoc Include="mainwindow.h">
      <Filter>GUI\MainWindow</Filter>
    </QtMoc>
    <QtMoc Include="QSearchResultDelegate.h">
      <Filter>GUI\QSearchResultDelegate</Filter>
    </QtMoc>
    <QtMoc Include="QFileListView.h">
      <Filter>GUI\QFileListView</Filter>
    </QtMoc>
    <QtMoc Include="QInputLineEdit.h">
      <Filter>GUI\QInputLineEdit</Filter>
    </QtMoc>
    <QtMoc Include="QWinHotKey\QWinHotkey.h">
      <Filter>Core\QWinHotkey</Filter>
    </QtMoc>
    <QtMoc Include="QActionListView.h">
      <Filter>GUI\QActionListView</Filter>
    </QtMoc>
  </ItemGroup>
  <ItemGroup>
    <CustomBuild Include="debug\moc_predefs.h.cbt">
      <Filter>Generated Files</Filter>
    </CustomBuild>
    <CustomBuild Include="release\moc_predefs.h.cbt">
      <Filter>Generated Files</Filter>
    </CustomBuild>
    <ClInclude Include="ui_mainwindow.h">
      <Filter>Generated Files</Filter>
    </ClInclude>
  </ItemGroup>
  <ItemGroup>
    <QtUic Include="mainwindow.ui">
      <Filter>GUI\Form Files</Filter>
    </QtUic>
  </ItemGroup>
  <ItemGroup>
    <None Include="Resouces\magnifyingglass.ico">
      <Filter>GUI\Resource Files</Filter>
    </None>
    <None Include="Resouces\main.png">
      <Filter>GUI\Resource Files</Filter>
    </None>
    <None Include="Resouces\listview.qss">
      <Filter>GUI\Resource Files</Filter>
    </None>
  </ItemGroup>
  <ItemGroup>
    <None Include="src\magnifyingglass_72px_1132327_easyicon.net.png">
      <Filter>Distribution Files</Filter>
    </None>
  </ItemGroup>
  <ItemGroup>
    <ClInclude Include="resource.h">
      <Filter>Generated Files</Filter>
    </ClInclude>
    <ClInclude Include="ChangeJrnl.h">
      <Filter>Core\ChangeJrnl</Filter>
    </ClInclude>
    <ClInclude Include="MyDB.h">
      <Filter>Core\DataBase</Filter>
    </ClInclude>
    <ClInclude Include="match.h">
      <Filter>infrastructure\FuzzySearch</Filter>
    </ClInclude>
    <ClInclude Include="Pinyin.h">
      <Filter>Core\Pinyin</Filter>
    </ClInclude>
    <ClInclude Include="bonus.h">
      <Filter>infrastructure\FuzzySearch</Filter>
    </ClInclude>
  </ItemGroup>
  <ItemGroup>
    <ResourceCompile Include="hotkey.rc">
      <Filter>GUI</Filter>
    </ResourceCompile>
  </ItemGroup>
  <ItemGroup>
    <QtRcc Include="Resouces\resouces.qrc">
      <Filter>GUI\Resource Files</Filter>
    </QtRcc>
  </ItemGroup>
</Project>